# This file was autogenerated by Stack.
# You should not edit this file by hand.
# For more information, please see the documentation at:
#   https://docs.haskellstack.org/en/stable/lock_files

packages:
- completed:
    name: mono-traversable
    pantry-tree:
      sha256: 077af28e23f3d02daf6ea6cf0a893422986f15443efaa587da5a1089659548ab
      size: 763
    sha256: 189faf1d953a1070402c99e7cd5db5f0521d8fca7bd40ebaa6a551d97fbc2629
    size: 78718
    subdir: mono-traversable
    url: https://github.com/BebeSparkelSparkel/mono-traversable/archive/c302c973de6090656177cc27cc62e3fb83118af3.tar.gz
    version: 1.0.15.3
  original:
    subdir: mono-traversable
    url: https://github.com/BebeSparkelSparkel/mono-traversable/archive/c302c973de6090656177cc27cc62e3fb83118af3.tar.gz
- completed:
    hackage: transformers-0.6.1.1@sha256:80d128763c6965dfcddca2155b3dec3bb1970d476f0c8cceb4bb28608ab75e7c,3243
    pantry-tree:
      sha256: 15329dcbb7ca7b8e7ccd1ecc81145c8e7f3915df40c4433750c53c84dd3c21d4
      size: 2567
  original:
    hackage: transformers-0.6.1.1
- completed:
    hackage: exceptions-0.10.7@sha256:a85a0fc00c7eb309f7f8fef84f8c8d915d16b416b9dbfa803b5718a9960aff93,2808
    pantry-tree:
      sha256: f1e5cfea9e9c8af9598f9fe2e61e4e5200f03a4a3a4b8962eac492905e220e05
      size: 739
  original:
    hackage: exceptions-0.10.7@sha256:a85a0fc00c7eb309f7f8fef84f8c8d915d16b416b9dbfa803b5718a9960aff93,2808
- completed:
    hackage: mtl-2.3.1@sha256:5377696d7315e2ef31a8d15d67b22d733c20cac2caf8b26756ff8524c8217e6d,1868
    pantry-tree:
      sha256: ac3cf1dc9ef397512d4bf8f2c3fbe4d64fb8aabd253288b34bf86c09ae234d4f
      size: 1853
  original:
    hackage: mtl-2.3.1@sha256:5377696d7315e2ef31a8d15d67b22d733c20cac2caf8b26756ff8524c8217e6d,1868
snapshots:
- completed:
    sha256: 3693cc17b3c739a22032b7c7bf44aa7ddbeef79311bb9f175e68372f92fc749b
    size: 600684
    url: https://raw.githubusercontent.com/commercialhaskell/stackage-snapshots/master/nightly/2024/2/11.yaml
  original: nightly-2024-02-11
