# This file was autogenerated by Stack.
# You should not edit this file by hand.
# For more information, please see the documentation at:
#   https://docs.haskellstack.org/en/stable/lock_files

packages:
- completed:
    name: mono-traversable
    pantry-tree:
      sha256: aeb3612368395addcbd53c53ad1d1043a21b497a329e35e721ebc6b5e5f60928
      size: 763
    sha256: 3b9239184a91aaea5895877375070a3d1683c40f2c9741294e595a0e219f21e0
    size: 78610
    subdir: mono-traversable
    url: https://github.com/BebeSparkelSparkel/mono-traversable/archive/eb7af708637e1688bb29cc82fc29ab88db17b424.tar.gz
    version: 1.0.15.3
  original:
    subdir: mono-traversable
    url: https://github.com/BebeSparkelSparkel/mono-traversable/archive/eb7af708637e1688bb29cc82fc29ab88db17b424.tar.gz
- completed:
    hackage: mtl-2.3.1@sha256:5377696d7315e2ef31a8d15d67b22d733c20cac2caf8b26756ff8524c8217e6d,1868
    pantry-tree:
      sha256: ac3cf1dc9ef397512d4bf8f2c3fbe4d64fb8aabd253288b34bf86c09ae234d4f
      size: 1853
  original:
    hackage: mtl-2.3.1
- completed:
    hackage: exceptions-0.10.7@sha256:60ccc2277f8fa98a1a03c42afd9c589ba33ce208eaaef7d69bfbb42ce09d1816,2803
    pantry-tree:
      sha256: d120a93fe716375208630bd9a2079d325d230dfa4d4909c00ac8d110da42c05c
      size: 739
  original:
    hackage: exceptions-0.10.7
snapshots:
- completed:
    sha256: e019cd29e3f7f9dbad500225829a3f7a50f73c674614f2f452e21bb8bf5d99ea
    size: 650253
    url: https://raw.githubusercontent.com/commercialhaskell/stackage-snapshots/master/lts/20/24.yaml
  original: lts-20.24
