# This file was autogenerated by Stack.
# You should not edit this file by hand.
# For more information, please see the documentation at:
#   https://docs.haskellstack.org/en/stable/lock_files

packages:
- completed:
    name: mono-traversable
    pantry-tree:
      sha256: 077af28e23f3d02daf6ea6cf0a893422986f15443efaa587da5a1089659548ab
      size: 763
    sha256: 189faf1d953a1070402c99e7cd5db5f0521d8fca7bd40ebaa6a551d97fbc2629
    size: 78718
    subdir: mono-traversable
    url: https://github.com/BebeSparkelSparkel/mono-traversable/archive/c302c973de6090656177cc27cc62e3fb83118af3.tar.gz
    version: 1.0.15.3
  original:
    subdir: mono-traversable
    url: https://github.com/BebeSparkelSparkel/mono-traversable/archive/c302c973de6090656177cc27cc62e3fb83118af3.tar.gz
snapshots:
- completed:
    sha256: e019cd29e3f7f9dbad500225829a3f7a50f73c674614f2f452e21bb8bf5d99ea
    size: 650253
    url: https://raw.githubusercontent.com/commercialhaskell/stackage-snapshots/master/lts/20/24.yaml
  original: lts-20.24
